
Microsoft Visual Studio Solution File, Format Version 12.00
# Visual Studio 11
Project("{8BC9CEB8-8B4A-11D0-8D11-00A0C91BC942}") = "ex5", "ex5\ex5.vcxproj", "{4FFD4E8C-7CB6-00B7-5452-44F9B1B1F17E}"
EndProject
Global
	GlobalSection(SubversionScc) = preSolution
		Manager = AnkhSVN - Subversion Support for Visual Studio
		Svn-Managed = True
	EndGlobalSection
	GlobalSection(SolutionConfigurationPlatforms) = preSolution
		Debug|Win32 = Debug|Win32
		Release|Win32 = Release|Win32
	EndGlobalSection
	GlobalSection(ProjectConfigurationPlatforms) = postSolution
		{4FFD4E8C-7CB6-00B7-5452-44F9B1B1F17E}.Debug|Win32.ActiveCfg = Debug|Win32
		{4FFD4E8C-7CB6-00B7-5452-44F9B1B1F17E}.Debug|Win32.Build.0 = Debug|Win32
		{4FFD4E8C-7CB6-00B7-5452-44F9B1B1F17E}.Release|Win32.ActiveCfg = Release|Win32
		{4FFD4E8C-7CB6-00B7-5452-44F9B1B1F17E}.Release|Win32.Build.0 = Release|Win32
	EndGlobalSection
	GlobalSection(SolutionProperties) = preSolution
		HideSolutionNode = FALSE
	EndGlobalSection
EndGlobal
